
Microsoft Visual Studio Solution File, Format Version 12.00
# Visual Studio 15
Project("{FAE04EC0-301F-11D3-BF4B-00C04F79EFBC}") = "GoogleUserMessagingPlatform", "GoogleUserMessagingPlatform\GoogleUserMessagingPlatform.csproj", "{A60384FA-A5EF-45CD-A2AC-07939346F6CC}"
EndProject
Project("{2150E333-8FDC-42A3-9474-1A3956D46DE8}") = "Solution Items", "Solution Items", "{16586F31-3A61-4D6B-8D54-E9809B38B5A8}"
	ProjectSection(SolutionItems) = preProject
		.editorconfig = .editorconfig
	EndProjectSection
EndProject
Global
	GlobalSection(SolutionConfigurationPlatforms) = preSolution
		Debug|Any CPU = Debug|Any CPU
		Release|Any CPU = Release|Any CPU
	EndGlobalSection
	GlobalSection(ProjectConfigurationPlatforms) = postSolution
		{A60384FA-A5EF-45CD-A2AC-07939346F6CC}.Debug|Any CPU.ActiveCfg = Debug|Any CPU
		{A60384FA-A5EF-45CD-A2AC-07939346F6CC}.Debug|Any CPU.Build.0 = Debug|Any CPU
		{A60384FA-A5EF-45CD-A2AC-07939346F6CC}.Release|Any CPU.ActiveCfg = Release|Any CPU
		{A60384FA-A5EF-45CD-A2AC-07939346F6CC}.Release|Any CPU.Build.0 = Release|Any CPU
	EndGlobalSection
EndGlobal
